
Microsoft Visual Studio Solution File, Format Version 12.00
# Visual Studio Version 16
VisualStudioVersion = 16.0.30104.148
MinimumVisualStudioVersion = 10.0.40219.1
Project("{FAE04EC0-301F-11D3-BF4B-00C04F79EFBC}") = "1-20", "1-20\1-20.csproj", "{A8A8BFE7-6B6A-4F46-82E7-A87D1E3068E4}"
EndProject
Project("{FAE04EC0-301F-11D3-BF4B-00C04F79EFBC}") = "21-30", "21-30\21-30.csproj", "{38E45290-EE54-4829-8AD9-DF7428C70BA3}"
EndProject
Project("{FAE04EC0-301F-11D3-BF4B-00C04F79EFBC}") = "Тест 21-30", "Тест 21-30\Тест 21-30.csproj", "{743B6533-EF1F-4411-83B1-7AC5566E5617}"
EndProject
Project("{FAE04EC0-301F-11D3-BF4B-00C04F79EFBC}") = "LibraryZagotovok", "LibraryZagotovok\LibraryZagotovok.csproj", "{E80FE66E-4844-4351-8EDB-AFE58D2480C1}"
EndProject
Project("{2150E333-8FDC-42A3-9474-1A3956D46DE8}") = "1-20.", "1-20.", "{C1E8BA1C-E826-423D-B054-A4BBB432D464}"
EndProject
Project("{2150E333-8FDC-42A3-9474-1A3956D46DE8}") = "21-30.", "21-30.", "{0103D272-CF17-43E6-BAD1-BC77EDCA5215}"
EndProject
Project("{2150E333-8FDC-42A3-9474-1A3956D46DE8}") = "31-40.", "31-40.", "{667E79FD-E74D-4EFE-84D1-56A503059634}"
EndProject
Project("{FAE04EC0-301F-11D3-BF4B-00C04F79EFBC}") = "31-40", "31-40\31-40.csproj", "{BDEE1895-F386-4E50-B851-B4439229FB83}"
EndProject
Global
	GlobalSection(SolutionConfigurationPlatforms) = preSolution
		Debug|Any CPU = Debug|Any CPU
		Release|Any CPU = Release|Any CPU
	EndGlobalSection
	GlobalSection(ProjectConfigurationPlatforms) = postSolution
		{A8A8BFE7-6B6A-4F46-82E7-A87D1E3068E4}.Debug|Any CPU.ActiveCfg = Debug|Any CPU
		{A8A8BFE7-6B6A-4F46-82E7-A87D1E3068E4}.Debug|Any CPU.Build.0 = Debug|Any CPU
		{A8A8BFE7-6B6A-4F46-82E7-A87D1E3068E4}.Release|Any CPU.ActiveCfg = Release|Any CPU
		{A8A8BFE7-6B6A-4F46-82E7-A87D1E3068E4}.Release|Any CPU.Build.0 = Release|Any CPU
		{38E45290-EE54-4829-8AD9-DF7428C70BA3}.Debug|Any CPU.ActiveCfg = Debug|Any CPU
		{38E45290-EE54-4829-8AD9-DF7428C70BA3}.Debug|Any CPU.Build.0 = Debug|Any CPU
		{38E45290-EE54-4829-8AD9-DF7428C70BA3}.Release|Any CPU.ActiveCfg = Release|Any CPU
		{38E45290-EE54-4829-8AD9-DF7428C70BA3}.Release|Any CPU.Build.0 = Release|Any CPU
		{743B6533-EF1F-4411-83B1-7AC5566E5617}.Debug|Any CPU.ActiveCfg = Debug|Any CPU
		{743B6533-EF1F-4411-83B1-7AC5566E5617}.Debug|Any CPU.Build.0 = Debug|Any CPU
		{743B6533-EF1F-4411-83B1-7AC5566E5617}.Release|Any CPU.ActiveCfg = Release|Any CPU
		{743B6533-EF1F-4411-83B1-7AC5566E5617}.Release|Any CPU.Build.0 = Release|Any CPU
		{E80FE66E-4844-4351-8EDB-AFE58D2480C1}.Debug|Any CPU.ActiveCfg = Debug|Any CPU
		{E80FE66E-4844-4351-8EDB-AFE58D2480C1}.Debug|Any CPU.Build.0 = Debug|Any CPU
		{E80FE66E-4844-4351-8EDB-AFE58D2480C1}.Release|Any CPU.ActiveCfg = Release|Any CPU
		{E80FE66E-4844-4351-8EDB-AFE58D2480C1}.Release|Any CPU.Build.0 = Release|Any CPU
		{BDEE1895-F386-4E50-B851-B4439229FB83}.Debug|Any CPU.ActiveCfg = Debug|Any CPU
		{BDEE1895-F386-4E50-B851-B4439229FB83}.Debug|Any CPU.Build.0 = Debug|Any CPU
		{BDEE1895-F386-4E50-B851-B4439229FB83}.Release|Any CPU.ActiveCfg = Release|Any CPU
		{BDEE1895-F386-4E50-B851-B4439229FB83}.Release|Any CPU.Build.0 = Release|Any CPU
	EndGlobalSection
	GlobalSection(SolutionProperties) = preSolution
		HideSolutionNode = FALSE
	EndGlobalSection
	GlobalSection(NestedProjects) = preSolution
		{A8A8BFE7-6B6A-4F46-82E7-A87D1E3068E4} = {C1E8BA1C-E826-423D-B054-A4BBB432D464}
		{38E45290-EE54-4829-8AD9-DF7428C70BA3} = {0103D272-CF17-43E6-BAD1-BC77EDCA5215}
		{743B6533-EF1F-4411-83B1-7AC5566E5617} = {0103D272-CF17-43E6-BAD1-BC77EDCA5215}
		{E80FE66E-4844-4351-8EDB-AFE58D2480C1} = {667E79FD-E74D-4EFE-84D1-56A503059634}
		{BDEE1895-F386-4E50-B851-B4439229FB83} = {667E79FD-E74D-4EFE-84D1-56A503059634}
	EndGlobalSection
	GlobalSection(ExtensibilityGlobals) = postSolution
		SolutionGuid = {E8193896-1126-468D-BA65-79330F9A138F}
	EndGlobalSection
EndGlobal
